// !$*UTF8*$!
{
	archiveVersion = 1;
	classes = {
	};
	objectVersion = 56;
	objects = {

/* Begin PBXBuildFile section */
		80964ED52EE7831900DE5043 /* Impostor_GameApp.swift in Sources */ = {isa = PBXBuildFile; fileRef = 80964ED42EE7831900DE5043 /* Impostor_GameApp.swift */; };
		80964ED72EE7831900DE5043 /* ContentView.swift in Sources */ = {isa = PBXBuildFile; fileRef = 80964ED62EE7831900DE5043 /* ContentView.swift */; };
		80964ED92EE7831A00DE5043 /* Assets.xcassets in Resources */ = {isa = PBXBuildFile; fileRef = 80964ED82EE7831A00DE5043 /* Assets.xcassets */; };
		80964EDC2EE7831A00DE5043 /* Preview Assets.xcassets in Resources */ = {isa = PBXBuildFile; fileRef = 80964EDB2EE7831A00DE5043 /* Preview Assets.xcassets */; };
		80964EE72EE7831A00DE5043 /* Impostor_GameTests.swift in Sources */ = {isa = PBXBuildFile; fileRef = 80964EE62EE7831A00DE5043 /* Impostor_GameTests.swift */; };
		80964EF12EE7831B00DE5043 /* Impostor_GameUITests.swift in Sources */ = {isa = PBXBuildFile; fileRef = 80964EF02EE7831B00DE5043 /* Impostor_GameUITests.swift */; };
		80964EF32EE7831B00DE5043 /* Impostor_GameUITestsLaunchTests.swift in Sources */ = {isa = PBXBuildFile; fileRef = 80964EF22EE7831B00DE5043 /* Impostor_GameUITestsLaunchTests.swift */; };
/* End PBXBuildFile section */

/* Begin PBXContainerItemProxy section */
		80964EE32EE7831A00DE5043 /* PBXContainerItemProxy */ = {
			isa = PBXContainerItemProxy;
			containerPortal = 80964EC92EE7831900DE5043 /* Project object */;
			proxyType = 1;
			remoteGlobalIDString = 80964ED02EE7831900DE5043;
			remoteInfo = Impostor_Game;
		};
		80964EED2EE7831B00DE5043 /* PBXContainerItemProxy */ = {
			isa = PBXContainerItemProxy;
			containerPortal = 80964EC92EE7831900DE5043 /* Project object */;
			proxyType = 1;
			remoteGlobalIDString = 80964ED02EE7831900DE5043;
			remoteInfo = Impostor_Game;
		};
/* End PBXContainerItemProxy section */

/* Begin PBXFileReference section */
		80964ED12EE7831900DE5043 /* Impostor_Game.app */ = {isa = PBXFileReference; explicitFileType = wrapper.application; includeInIndex = 0; path = Impostor_Game.app; sourceTree = BUILT_PRODUCTS_DIR; };
		80964ED42EE7831900DE5043 /* Impostor_GameApp.swift */ = {isa = PBXFileReference; lastKnownFileType = sourcecode.swift; path = Impostor_GameApp.swift; sourceTree = "<group>"; };
		80964ED62EE7831900DE5043 /* ContentView.swift */ = {isa = PBXFileReference; lastKnownFileType = sourcecode.swift; path = ContentView.swift; sourceTree = "<group>"; };
		80964ED82EE7831A00DE5043 /* Assets.xcassets */ = {isa = PBXFileReference; lastKnownFileType = folder.assetcatalog; path = Assets.xcassets; sourceTree = "<group>"; };
		80964EDB2EE7831A00DE5043 /* Preview Assets.xcassets */ = {isa = PBXFileReference; lastKnownFileType = folder.assetcatalog; path = "Preview Assets.xcassets"; sourceTree = "<group>"; };
		80964EDD2EE7831A00DE5043 /* Impostor_Game.entitlements */ = {isa = PBXFileReference; lastKnownFileType = text.plist.entitlements; path = Impostor_Game.entitlements; sourceTree = "<group>"; };
		80964EE22EE7831A00DE5043 /* Impostor_GameTests.xctest */ = {isa = PBXFileReference; explicitFileType = wrapper.cfbundle; includeInIndex = 0; path = Impostor_GameTests.xctest; sourceTree = BUILT_PRODUCTS_DIR; };
		80964EE62EE7831A00DE5043 /* Impostor_GameTests.swift */ = {isa = PBXFileReference; lastKnownFileType = sourcecode.swift; path = Impostor_GameTests.swift; sourceTree = "<group>"; };
		80964EEC2EE7831B00DE5043 /* Impostor_GameUITests.xctest */ = {isa = PBXFileReference; explicitFileType = wrapper.cfbundle; includeInIndex = 0; path = Impostor_GameUITests.xctest; sourceTree = BUILT_PRODUCTS_DIR; };
		80964EF02EE7831B00DE5043 /* Impostor_GameUITests.swift */ = {isa = PBXFileReference; lastKnownFileType = sourcecode.swift; path = Impostor_GameUITests.swift; sourceTree = "<group>"; };
		80964EF22EE7831B00DE5043 /* Impostor_GameUITestsLaunchTests.swift */ = {isa = PBXFileReference; lastKnownFileType = sourcecode.swift; path = Impostor_GameUITestsLaunchTests.swift; sourceTree = "<group>"; };
/* End PBXFileReference section */

/* Begin PBXFrameworksBuildPhase section */
		80964ECE2EE7831900DE5043 /* Frameworks */ = {
			isa = PBXFrameworksBuildPhase;
			buildActionMask = 2147483647;
			files = (
			);
			runOnlyForDeploymentPostprocessing = 0;
		};
		80964EDF2EE7831A00DE5043 /* Frameworks */ = {
			isa = PBXFrameworksBuildPhase;
			buildActionMask = 2147483647;
			files = (
			);
			runOnlyForDeploymentPostprocessing = 0;
		};
		80964EE92EE7831B00DE5043 /* Frameworks */ = {
			isa = PBXFrameworksBuildPhase;
			buildActionMask = 2147483647;
			files = (
			);
			runOnlyForDeploymentPostprocessing = 0;
		};
/* End PBXFrameworksBuildPhase section */

/* Begin PBXGroup section */
		80964EC82EE7831900DE5043 = {
			isa = PBXGroup;
			children = (
				80964ED32EE7831900DE5043 /* Impostor_Game */,
				80964EE52EE7831A00DE5043 /* Impostor_GameTests */,
				80964EEF2EE7831B00DE5043 /* Impostor_GameUITests */,
				80964ED22EE7831900DE5043 /* Products */,
			);
			sourceTree = "<group>";
		};
		80964ED22EE7831900DE5043 /* Products */ = {
			isa = PBXGroup;
			children = (
				80964ED12EE7831900DE5043 /* Impostor_Game.app */,
				80964EE22EE7831A00DE5043 /* Impostor_GameTests.xctest */,
				80964EEC2EE7831B00DE5043 /* Impostor_GameUITests.xctest */,
			);
			name = Products;
			sourceTree = "<group>";
		};
		80964ED32EE7831900DE5043 /* Impostor_Game */ = {
			isa = PBXGroup;
			children = (
				80964ED42EE7831900DE5043 /* Impostor_GameApp.swift */,
				80964ED62EE7831900DE5043 /* ContentView.swift */,
				80964ED82EE7831A00DE5043 /* Assets.xcassets */,
				80964EDD2EE7831A00DE5043 /* Impostor_Game.entitlements */,
				80964EDA2EE7831A00DE5043 /* Preview Content */,
			);
			path = Impostor_Game;
			sourceTree = "<group>";
		};
		80964EDA2EE7831A00DE5043 /* Preview Content */ = {
			isa = PBXGroup;
			children = (
				80964EDB2EE7831A00DE5043 /* Preview Assets.xcassets */,
			);
			path = "Preview Content";
			sourceTree = "<group>";
		};
		80964EE52EE7831A00DE5043 /* Impostor_GameTests */ = {
			isa = PBXGroup;
			children = (
				80964EE62EE7831A00DE5043 /* Impostor_GameTests.swift */,
			);
			path = Impostor_GameTests;
			sourceTree = "<group>";
		};
		80964EEF2EE7831B00DE5043 /* Impostor_GameUITests */ = {
			isa = PBXGroup;
			children = (
				80964EF02EE7831B00DE5043 /* Impostor_GameUITests.swift */,
				80964EF22EE7831B00DE5043 /* Impostor_GameUITestsLaunchTests.swift */,
			);
			path = Impostor_GameUITests;
			sourceTree = "<group>";
		};
/* End PBXGroup section */

/* Begin PBXNativeTarget section */
		80964ED02EE7831900DE5043 /* Impostor_Game */ = {
			isa = PBXNativeTarget;
			buildConfigurationList = 80964EF62EE7831B00DE5043 /* Build configuration list for PBXNativeTarget "Impostor_Game" */;
			buildPhases = (
				80964ECD2EE7831900DE5043 /* Sources */,
				80964ECE2EE7831900DE5043 /* Frameworks */,
				80964ECF2EE7831900DE5043 /* Resources */,
			);
			buildRules = (
			);
			dependencies = (
			);
			name = Impostor_Game;
			productName = Impostor_Game;
			productReference = 80964ED12EE7831900DE5043 /* Impostor_Game.app */;
			productType = "com.apple.product-type.application";
		};
		80964EE12EE7831A00DE5043 /* Impostor_GameTests */ = {
			isa = PBXNativeTarget;
			buildConfigurationList = 80964EF92EE7831B00DE5043 /* Build configuration list for PBXNativeTarget "Impostor_GameTests" */;
			buildPhases = (
				80964EDE2EE7831A00DE5043 /* Sources */,
				80964EDF2EE7831A00DE5043 /* Frameworks */,
				80964EE02EE7831A00DE5043 /* Resources */,
			);
			buildRules = (
			);
			dependencies = (
				80964EE42EE7831A00DE5043 /* PBXTargetDependency */,
			);
			name = Impostor_GameTests;
			productName = Impostor_GameTests;
			productReference = 80964EE22EE7831A00DE5043 /* Impostor_GameTests.xctest */;
			productType = "com.apple.product-type.bundle.unit-test";
		};
		80964EEB2EE7831B00DE5043 /* Impostor_GameUITests */ = {
			isa = PBXNativeTarget;
			buildConfigurationList = 80964EFC2EE7831B00DE5043 /* Build configuration list for PBXNativeTarget "Impostor_GameUITests" */;
			buildPhases = (
				80964EE82EE7831B00DE5043 /* Sources */,
				80964EE92EE7831B00DE5043 /* Frameworks */,
				80964EEA2EE7831B00DE5043 /* Resources */,
			);
			buildRules = (
			);
			dependencies = (
				80964EEE2EE7831B00DE5043 /* PBXTargetDependency */,
			);
			name = Impostor_GameUITests;
			productName = Impostor_GameUITests;
			productReference = 80964EEC2EE7831B00DE5043 /* Impostor_GameUITests.xctest */;
			productType = "com.apple.product-type.bundle.ui-testing";
		};
/* End PBXNativeTarget section */

/* Begin PBXProject section */
		80964EC92EE7831900DE5043 /* Project object */ = {
			isa = PBXProject;
			attributes = {
				BuildIndependentTargetsInParallel = 1;
				LastSwiftUpdateCheck = 1430;
				LastUpgradeCheck = 1430;
				TargetAttributes = {
					80964ED02EE7831900DE5043 = {
						CreatedOnToolsVersion = 14.3.1;
					};
					80964EE12EE7831A00DE5043 = {
						CreatedOnToolsVersion = 14.3.1;
						TestTargetID = 80964ED02EE7831900DE5043;
					};
					80964EEB2EE7831B00DE5043 = {
						CreatedOnToolsVersion = 14.3.1;
						TestTargetID = 80964ED02EE7831900DE5043;
					};
				};
			};
			buildConfigurationList = 80964ECC2EE7831900DE5043 /* Build configuration list for PBXProject "Impostor_Game" */;
			compatibilityVersion = "Xcode 14.0";
			developmentRegion = en;
			hasScannedForEncodings = 0;
			knownRegions = (
				en,
				Base,
			);
			mainGroup = 80964EC82EE7831900DE5043;
			productRefGroup = 80964ED22EE7831900DE5043 /* Products */;
			projectDirPath = "";
			projectRoot = "";
			targets = (
				80964ED02EE7831900DE5043 /* Impostor_Game */,
				80964EE12EE7831A00DE5043 /* Impostor_GameTests */,
				80964EEB2EE7831B00DE5043 /* Impostor_GameUITests */,
			);
		};
/* End PBXProject section */

/* Begin PBXResourcesBuildPhase section */
		80964ECF2EE7831900DE5043 /* Resources */ = {
			isa = PBXResourcesBuildPhase;
			buildActionMask = 2147483647;
			files = (
				80964EDC2EE7831A00DE5043 /* Preview Assets.xcassets in Resources */,
				80964ED92EE7831A00DE5043 /* Assets.xcassets in Resources */,
			);
			runOnlyForDeploymentPostprocessing = 0;
		};
		80964EE02EE7831A00DE5043 /* Resources */ = {
			isa = PBXResourcesBuildPhase;
			buildActionMask = 2147483647;
			files = (
			);
			runOnlyForDeploymentPostprocessing = 0;
		};
		80964EEA2EE7831B00DE5043 /* Resources */ = {
			isa = PBXResourcesBuildPhase;
			buildActionMask = 2147483647;
			files = (
			);
			runOnlyForDeploymentPostprocessing = 0;
		};
/* End PBXResourcesBuildPhase section */

/* Begin PBXSourcesBuildPhase section */
		80964ECD2EE7831900DE5043 /* Sources */ = {
			isa = PBXSourcesBuildPhase;
			buildActionMask = 2147483647;
			files = (
				80964ED72EE7831900DE5043 /* ContentView.swift in Sources */,
				80964ED52EE7831900DE5043 /* Impostor_GameApp.swift in Sources */,
			);
			runOnlyForDeploymentPostprocessing = 0;
		};
		80964EDE2EE7831A00DE5043 /* Sources */ = {
			isa = PBXSourcesBuildPhase;
			buildActionMask = 2147483647;
			files = (
				80964EE72EE7831A00DE5043 /* Impostor_GameTests.swift in Sources */,
			);
			runOnlyForDeploymentPostprocessing = 0;
		};
		80964EE82EE7831B00DE5043 /* Sources */ = {
			isa = PBXSourcesBuildPhase;
			buildActionMask = 2147483647;
			files = (
				80964EF12EE7831B00DE5043 /* Impostor_GameUITests.swift in Sources */,
				80964EF32EE7831B00DE5043 /* Impostor_GameUITestsLaunchTests.swift in Sources */,
			);
			runOnlyForDeploymentPostprocessing = 0;
		};
/* End PBXSourcesBuildPhase section */

/* Begin PBXTargetDependency section */
		80964EE42EE7831A00DE5043 /* PBXTargetDependency */ = {
			isa = PBXTargetDependency;
			target = 80964ED02EE7831900DE5043 /* Impostor_Game */;
			targetProxy = 80964EE32EE7831A00DE5043 /* PBXContainerItemProxy */;
		};
		80964EEE2EE7831B00DE5043 /* PBXTargetDependency */ = {
			isa = PBXTargetDependency;
			target = 80964ED02EE7831900DE5043 /* Impostor_Game */;
			targetProxy = 80964EED2EE7831B00DE5043 /* PBXContainerItemProxy */;
		};
/* End PBXTargetDependency section */

/* Begin XCBuildConfiguration section */
		80964EF42EE7831B00DE5043 /* Debug */ = {
			isa = XCBuildConfiguration;
			buildSettings = {
				ALWAYS_SEARCH_USER_PATHS = NO;
				CLANG_ANALYZER_NONNULL = YES;
				CLANG_ANALYZER_NUMBER_OBJECT_CONVERSION = YES_AGGRESSIVE;
				CLANG_CXX_LANGUAGE_STANDARD = "gnu++20";
				CLANG_ENABLE_MODULES = YES;
				CLANG_ENABLE_OBJC_ARC = YES;
				CLANG_ENABLE_OBJC_WEAK = YES;
				CLANG_WARN_BLOCK_CAPTURE_AUTORELEASING = YES;
				CLANG_WARN_BOOL_CONVERSION = YES;
				CLANG_WARN_COMMA = YES;
				CLANG_WARN_CONSTANT_CONVERSION = YES;
				CLANG_WARN_DEPRECATED_OBJC_IMPLEMENTATIONS = YES;
				CLANG_WARN_DIRECT_OBJC_ISA_USAGE = YES_ERROR;
				CLANG_WARN_DOCUMENTATION_COMMENTS = YES;
				CLANG_WARN_EMPTY_BODY = YES;
				CLANG_WARN_ENUM_CONVERSION = YES;
				CLANG_WARN_INFINITE_RECURSION = YES;
				CLANG_WARN_INT_CONVERSION = YES;
				CLANG_WARN_NON_LITERAL_NULL_CONVERSION = YES;
				CLANG_WARN_OBJC_IMPLICIT_RETAIN_SELF = YES;
				CLANG_WARN_OBJC_LITERAL_CONVERSION = YES;
				CLANG_WARN_OBJC_ROOT_CLASS = YES_ERROR;
				CLANG_WARN_QUOTED_INCLUDE_IN_FRAMEWORK_HEADER = YES;
				CLANG_WARN_RANGE_LOOP_ANALYSIS = YES;
				CLANG_WARN_STRICT_PROTOTYPES = YES;
				CLANG_WARN_SUSPICIOUS_MOVE = YES;
				CLANG_WARN_UNGUARDED_AVAILABILITY = YES_AGGRESSIVE;
				CLANG_WARN_UNREACHABLE_CODE = YES;
				CLANG_WARN__DUPLICATE_METHOD_MATCH = YES;
				COPY_PHASE_STRIP = NO;
				DEBUG_INFORMATION_FORMAT = dwarf;
				ENABLE_STRICT_OBJC_MSGSEND = YES;
				ENABLE_TESTABILITY = YES;
				GCC_C_LANGUAGE_STANDARD = gnu11;
				GCC_DYNAMIC_NO_PIC = NO;
				GCC_NO_COMMON_BLOCKS = YES;
				GCC_OPTIMIZATION_LEVEL = 0;
				GCC_PREPROCESSOR_DEFINITIONS = (
					"DEBUG=1",
					"$(inherited)",
				);
				GCC_WARN_64_TO_32_BIT_CONVERSION = YES;
				GCC_WARN_ABOUT_RETURN_TYPE = YES_ERROR;
				GCC_WARN_UNDECLARED_SELECTOR = YES;
				GCC_WARN_UNINITIALIZED_AUTOS = YES_AGGRESSIVE;
				GCC_WARN_UNUSED_FUNCTION = YES;
				GCC_WARN_UNUSED_VARIABLE = YES;
				MACOSX_DEPLOYMENT_TARGET = 13.3;
				MTL_ENABLE_DEBUG_INFO = INCLUDE_SOURCE;
				MTL_FAST_MATH = YES;
				ONLY_ACTIVE_ARCH = YES;
				SDKROOT = macosx;
				SWIFT_ACTIVE_COMPILATION_CONDITIONS = DEBUG;
				SWIFT_OPTIMIZATION_LEVEL = "-Onone";
			};
			name = Debug;
		};
		80964EF52EE7831B00DE5043 /* Release */ = {
			isa = XCBuildConfiguration;
			buildSettings = {
				ALWAYS_SEARCH_USER_PATHS = NO;
				CLANG_ANALYZER_NONNULL = YES;
				CLANG_ANALYZER_NUMBER_OBJECT_CONVERSION = YES_AGGRESSIVE;
				CLANG_CXX_LANGUAGE_STANDARD = "gnu++20";
				CLANG_ENABLE_MODULES = YES;
				CLANG_ENABLE_OBJC_ARC = YES;
				CLANG_ENABLE_OBJC_WEAK = YES;
				CLANG_WARN_BLOCK_CAPTURE_AUTORELEASING = YES;
				CLANG_WARN_BOOL_CONVERSION = YES;
				CLANG_WARN_COMMA = YES;
				CLANG_WARN_CONSTANT_CONVERSION = YES;
				CLANG_WARN_DEPRECATED_OBJC_IMPLEMENTATIONS = YES;
				CLANG_WARN_DIRECT_OBJC_ISA_USAGE = YES_ERROR;
				CLANG_WARN_DOCUMENTATION_COMMENTS = YES;
				CLANG_WARN_EMPTY_BODY = YES;
				CLANG_WARN_ENUM_CONVERSION = YES;
				CLANG_WARN_INFINITE_RECURSION = YES;
				CLANG_WARN_INT_CONVERSION = YES;
				CLANG_WARN_NON_LITERAL_NULL_CONVERSION = YES;
				CLANG_WARN_OBJC_IMPLICIT_RETAIN_SELF = YES;
				CLANG_WARN_OBJC_LITERAL_CONVERSION = YES;
				CLANG_WARN_OBJC_ROOT_CLASS = YES_ERROR;
				CLANG_WARN_QUOTED_INCLUDE_IN_FRAMEWORK_HEADER = YES;
				CLANG_WARN_RANGE_LOOP_ANALYSIS = YES;
				CLANG_WARN_STRICT_PROTOTYPES = YES;
				CLANG_WARN_SUSPICIOUS_MOVE = YES;
				CLANG_WARN_UNGUARDED_AVAILABILITY = YES_AGGRESSIVE;
				CLANG_WARN_UNREACHABLE_CODE = YES;
				CLANG_WARN__DUPLICATE_METHOD_MATCH = YES;
				COPY_PHASE_STRIP = NO;
				DEBUG_INFORMATION_FORMAT = "dwarf-with-dsym";
				ENABLE_NS_ASSERTIONS = NO;
				ENABLE_STRICT_OBJC_MSGSEND = YES;
				GCC_C_LANGUAGE_STANDARD = gnu11;
				GCC_NO_COMMON_BLOCKS = YES;
				GCC_WARN_64_TO_32_BIT_CONVERSION = YES;
				GCC_WARN_ABOUT_RETURN_TYPE = YES_ERROR;
				GCC_WARN_UNDECLARED_SELECTOR = YES;
				GCC_WARN_UNINITIALIZED_AUTOS = YES_AGGRESSIVE;
				GCC_WARN_UNUSED_FUNCTION = YES;
				GCC_WARN_UNUSED_VARIABLE = YES;
				MACOSX_DEPLOYMENT_TARGET = 13.3;
				MTL_ENABLE_DEBUG_INFO = NO;
				MTL_FAST_MATH = YES;
				SDKROOT = macosx;
				SWIFT_COMPILATION_MODE = wholemodule;
				SWIFT_OPTIMIZATION_LEVEL = "-O";
			};
			name = Release;
		};
		80964EF72EE7831B00DE5043 /* Debug */ = {
			isa = XCBuildConfiguration;
			buildSettings = {
				ASSETCATALOG_COMPILER_APPICON_NAME = AppIcon;
				ASSETCATALOG_COMPILER_GLOBAL_ACCENT_COLOR_NAME = AccentColor;
				CODE_SIGN_ENTITLEMENTS = Impostor_Game/Impostor_Game.entitlements;
				CODE_SIGN_STYLE = Automatic;
				COMBINE_HIDPI_IMAGES = YES;
				CURRENT_PROJECT_VERSION = 1;
				DEVELOPMENT_ASSET_PATHS = "\"Impostor_Game/Preview Content\"";
				ENABLE_PREVIEWS = YES;
				GENERATE_INFOPLIST_FILE = YES;
				INFOPLIST_KEY_NSHumanReadableCopyright = "";
				LD_RUNPATH_SEARCH_PATHS = (
					"$(inherited)",
					"@executable_path/../Frameworks",
				);
				MARKETING_VERSION = 1.0;
				PRODUCT_BUNDLE_IDENTIFIER = "Brendan-Kelleher.Impostor-Game";
				PRODUCT_NAME = "$(TARGET_NAME)";
				SWIFT_EMIT_LOC_STRINGS = YES;
				SWIFT_VERSION = 5.0;
			};
			name = Debug;
		};
		80964EF82EE7831B00DE5043 /* Release */ = {
			isa = XCBuildConfiguration;
			buildSettings = {
				ASSETCATALOG_COMPILER_APPICON_NAME = AppIcon;
				ASSETCATALOG_COMPILER_GLOBAL_ACCENT_COLOR_NAME = AccentColor;
				CODE_SIGN_ENTITLEMENTS = Impostor_Game/Impostor_Game.entitlements;
				CODE_SIGN_STYLE = Automatic;
				COMBINE_HIDPI_IMAGES = YES;
				CURRENT_PROJECT_VERSION = 1;
				DEVELOPMENT_ASSET_PATHS = "\"Impostor_Game/Preview Content\"";
				ENABLE_PREVIEWS = YES;
				GENERATE_INFOPLIST_FILE = YES;
				INFOPLIST_KEY_NSHumanReadableCopyright = "";
				LD_RUNPATH_SEARCH_PATHS = (
					"$(inherited)",
					"@executable_path/../Frameworks",
				);
				MARKETING_VERSION = 1.0;
				PRODUCT_BUNDLE_IDENTIFIER = "Brendan-Kelleher.Impostor-Game";
				PRODUCT_NAME = "$(TARGET_NAME)";
				SWIFT_EMIT_LOC_STRINGS = YES;
				SWIFT_VERSION = 5.0;
			};
			name = Release;
		};
		80964EFA2EE7831B00DE5043 /* Debug */ = {
			isa = XCBuildConfiguration;
			buildSettings = {
				ALWAYS_EMBED_SWIFT_STANDARD_LIBRARIES = YES;
				BUNDLE_LOADER = "$(TEST_HOST)";
				CODE_SIGN_STYLE = Automatic;
				CURRENT_PROJECT_VERSION = 1;
				GENERATE_INFOPLIST_FILE = YES;
				MACOSX_DEPLOYMENT_TARGET = 13.3;
				MARKETING_VERSION = 1.0;
				PRODUCT_BUNDLE_IDENTIFIER = "Brendan-Kelleher.Impostor-GameTests";
				PRODUCT_NAME = "$(TARGET_NAME)";
				SWIFT_EMIT_LOC_STRINGS = NO;
				SWIFT_VERSION = 5.0;
				TEST_HOST = "$(BUILT_PRODUCTS_DIR)/Impostor_Game.app/$(BUNDLE_EXECUTABLE_FOLDER_PATH)/Impostor_Game";
			};
			name = Debug;
		};
		80964EFB2EE7831B00DE5043 /* Release */ = {
			isa = XCBuildConfiguration;
			buildSettings = {
				ALWAYS_EMBED_SWIFT_STANDARD_LIBRARIES = YES;
				BUNDLE_LOADER = "$(TEST_HOST)";
				CODE_SIGN_STYLE = Automatic;
				CURRENT_PROJECT_VERSION = 1;
				GENERATE_INFOPLIST_FILE = YES;
				MACOSX_DEPLOYMENT_TARGET = 13.3;
				MARKETING_VERSION = 1.0;
				PRODUCT_BUNDLE_IDENTIFIER = "Brendan-Kelleher.Impostor-GameTests";
				PRODUCT_NAME = "$(TARGET_NAME)";
				SWIFT_EMIT_LOC_STRINGS = NO;
				SWIFT_VERSION = 5.0;
				TEST_HOST = "$(BUILT_PRODUCTS_DIR)/Impostor_Game.app/$(BUNDLE_EXECUTABLE_FOLDER_PATH)/Impostor_Game";
			};
			name = Release;
		};
		80964EFD2EE7831B00DE5043 /* Debug */ = {
			isa = XCBuildConfiguration;
			buildSettings = {
				ALWAYS_EMBED_SWIFT_STANDARD_LIBRARIES = YES;
				CODE_SIGN_STYLE = Automatic;
				CURRENT_PROJECT_VERSION = 1;
				GENERATE_INFOPLIST_FILE = YES;
				MARKETING_VERSION = 1.0;
				PRODUCT_BUNDLE_IDENTIFIER = "Brendan-Kelleher.Impostor-GameUITests";
				PRODUCT_NAME = "$(TARGET_NAME)";
				SWIFT_EMIT_LOC_STRINGS = NO;
				SWIFT_VERSION = 5.0;
				TEST_TARGET_NAME = Impostor_Game;
			};
			name = Debug;
		};
		80964EFE2EE7831B00DE5043 /* Release */ = {
			isa = XCBuildConfiguration;
			buildSettings = {
				ALWAYS_EMBED_SWIFT_STANDARD_LIBRARIES = YES;
				CODE_SIGN_STYLE = Automatic;
				CURRENT_PROJECT_VERSION = 1;
				GENERATE_INFOPLIST_FILE = YES;
				MARKETING_VERSION = 1.0;
				PRODUCT_BUNDLE_IDENTIFIER = "Brendan-Kelleher.Impostor-GameUITests";
				PRODUCT_NAME = "$(TARGET_NAME)";
				SWIFT_EMIT_LOC_STRINGS = NO;
				SWIFT_VERSION = 5.0;
				TEST_TARGET_NAME = Impostor_Game;
			};
			name = Release;
		};
/* End XCBuildConfiguration section */

/* Begin XCConfigurationList section */
		80964ECC2EE7831900DE5043 /* Build configuration list for PBXProject "Impostor_Game" */ = {
			isa = XCConfigurationList;
			buildConfigurations = (
				80964EF42EE7831B00DE5043 /* Debug */,
				80964EF52EE7831B00DE5043 /* Release */,
			);
			defaultConfigurationIsVisible = 0;
			defaultConfigurationName = Release;
		};
		80964EF62EE7831B00DE5043 /* Build configuration list for PBXNativeTarget "Impostor_Game" */ = {
			isa = XCConfigurationList;
			buildConfigurations = (
				80964EF72EE7831B00DE5043 /* Debug */,
				80964EF82EE7831B00DE5043 /* Release */,
			);
			defaultConfigurationIsVisible = 0;
			defaultConfigurationName = Release;
		};
		80964EF92EE7831B00DE5043 /* Build configuration list for PBXNativeTarget "Impostor_GameTests" */ = {
			isa = XCConfigurationList;
			buildConfigurations = (
				80964EFA2EE7831B00DE5043 /* Debug */,
				80964EFB2EE7831B00DE5043 /* Release */,
			);
			defaultConfigurationIsVisible = 0;
			defaultConfigurationName = Release;
		};
		80964EFC2EE7831B00DE5043 /* Build configuration list for PBXNativeTarget "Impostor_GameUITests" */ = {
			isa = XCConfigurationList;
			buildConfigurations = (
				80964EFD2EE7831B00DE5043 /* Debug */,
				80964EFE2EE7831B00DE5043 /* Release */,
			);
			defaultConfigurationIsVisible = 0;
			defaultConfigurationName = Release;
		};
/* End XCConfigurationList section */
	};
	rootObject = 80964EC92EE7831900DE5043 /* Project object */;
}
